
Microsoft Visual Studio Solution File, Format Version 12.00
# Visual Studio Version 17
VisualStudioVersion = 17.0.31912.275
MinimumVisualStudioVersion = 10.0.40219.1
Project("{FAE04EC0-301F-11D3-BF4B-00C04F79EFBC}") = "LibrettoUI-2", "LibrettoUI-2.csproj", "{21DD9424-14A3-4B17-9C92-73A21DCA6DC3}"
EndProject
Global
	GlobalSection(SolutionConfigurationPlatforms) = preSolution
		Debug|Any CPU = Debug|Any CPU
		Release|Any CPU = Release|Any CPU
	EndGlobalSection
	GlobalSection(ProjectConfigurationPlatforms) = postSolution
		{21DD9424-14A3-4B17-9C92-73A21DCA6DC3}.Debug|Any CPU.ActiveCfg = Debug|Any CPU
		{21DD9424-14A3-4B17-9C92-73A21DCA6DC3}.Debug|Any CPU.Build.0 = Debug|Any CPU
		{21DD9424-14A3-4B17-9C92-73A21DCA6DC3}.Release|Any CPU.ActiveCfg = Release|Any CPU
		{21DD9424-14A3-4B17-9C92-73A21DCA6DC3}.Release|Any CPU.Build.0 = Release|Any CPU
	EndGlobalSection
	GlobalSection(SolutionProperties) = preSolution
		HideSolutionNode = FALSE
	EndGlobalSection
	GlobalSection(ExtensibilityGlobals) = postSolution
		SolutionGuid = {A9901F4C-8F9E-4EE0-B1C6-5742D7875FB3}
	EndGlobalSection
EndGlobal
